
Microsoft Visual Studio Solution File, Format Version 12.00
# Visual Studio Version 17
VisualStudioVersion = 17.4.33213.308
MinimumVisualStudioVersion = 10.0.40219.1
Project("{9A19103F-16F7-4668-BE54-9A1E7A4F7556}") = "Lab3", "Lab3.csproj", "{9F557F0B-91D6-44EF-B723-2F6756DBFF7B}"
EndProject
Global
	GlobalSection(SolutionConfigurationPlatforms) = preSolution
		Debug|Any CPU = Debug|Any CPU
		Release|Any CPU = Release|Any CPU
	EndGlobalSection
	GlobalSection(ProjectConfigurationPlatforms) = postSolution
		{9F557F0B-91D6-44EF-B723-2F6756DBFF7B}.Debug|Any CPU.ActiveCfg = Debug|Any CPU
		{9F557F0B-91D6-44EF-B723-2F6756DBFF7B}.Debug|Any CPU.Build.0 = Debug|Any CPU
		{9F557F0B-91D6-44EF-B723-2F6756DBFF7B}.Release|Any CPU.ActiveCfg = Release|Any CPU
		{9F557F0B-91D6-44EF-B723-2F6756DBFF7B}.Release|Any CPU.Build.0 = Release|Any CPU
	EndGlobalSection
	GlobalSection(SolutionProperties) = preSolution
		HideSolutionNode = FALSE
	EndGlobalSection
	GlobalSection(ExtensibilityGlobals) = postSolution
		SolutionGuid = {A19B3BD2-9F58-4F8F-B601-70ADD199E451}
	EndGlobalSection
EndGlobal
